// !$*UTF8*$!
{
	archiveVersion = 1;
	classes = {
	};
	objectVersion = 50;
	objects = {

/* Begin PBXBuildFile section */
		4B7283357FF0D3EED1AE7067 /* Pods_LoggerDemo.framework in Frameworks */ = {isa = PBXBuildFile; fileRef = 0889B78B8581C0FEA3589E0C /* Pods_LoggerDemo.framework */; };
		D727059622D38BEF00E89675 /* AppDelegate.m in Sources */ = {isa = PBXBuildFile; fileRef = D727059522D38BEF00E89675 /* AppDelegate.m */; };
		D727059922D38BEF00E89675 /* ViewController.m in Sources */ = {isa = PBXBuildFile; fileRef = D727059822D38BEF00E89675 /* ViewController.m */; };
		D727059C22D38BEF00E89675 /* Main.storyboard in Resources */ = {isa = PBXBuildFile; fileRef = D727059A22D38BEF00E89675 /* Main.storyboard */; };
		D727059E22D38BF000E89675 /* Assets.xcassets in Resources */ = {isa = PBXBuildFile; fileRef = D727059D22D38BF000E89675 /* Assets.xcassets */; };
		D72705A122D38BF000E89675 /* LaunchScreen.storyboard in Resources */ = {isa = PBXBuildFile; fileRef = D727059F22D38BF000E89675 /* LaunchScreen.storyboard */; };
		D72705A422D38BF000E89675 /* main.m in Sources */ = {isa = PBXBuildFile; fileRef = D72705A322D38BF000E89675 /* main.m */; };
		D72705AE22D38BF000E89675 /* LoggerDemoTests.m in Sources */ = {isa = PBXBuildFile; fileRef = D72705AD22D38BF000E89675 /* LoggerDemoTests.m */; };
		D72705B922D38BF000E89675 /* LoggerDemoUITests.m in Sources */ = {isa = PBXBuildFile; fileRef = D72705B822D38BF000E89675 /* LoggerDemoUITests.m */; };
		D72705D022D398B800E89675 /* UIViewController+FLEX.m in Sources */ = {isa = PBXBuildFile; fileRef = D72705CF22D398B800E89675 /* UIViewController+FLEX.m */; };
		D72705D722D398C500E89675 /* ZCLogFileFormatterDefault.m in Sources */ = {isa = PBXBuildFile; fileRef = D72705D522D398C400E89675 /* ZCLogFileFormatterDefault.m */; };
		D72705D822D398C500E89675 /* ZCLoggerManager.m in Sources */ = {isa = PBXBuildFile; fileRef = D72705D622D398C400E89675 /* ZCLoggerManager.m */; };
		D72705DB22D3994900E89675 /* NSObject+NilSafe.m in Sources */ = {isa = PBXBuildFile; fileRef = D72705DA22D3994900E89675 /* NSObject+NilSafe.m */; };
		D72705DF22D39A9600E89675 /* ZCBaseViewController.m in Sources */ = {isa = PBXBuildFile; fileRef = D72705DE22D39A9600E89675 /* ZCBaseViewController.m */; };
/* End PBXBuildFile section */

/* Begin PBXContainerItemProxy section */
		D72705AA22D38BF000E89675 /* PBXContainerItemProxy */ = {
			isa = PBXContainerItemProxy;
			containerPortal = D727058922D38BEF00E89675 /* Project object */;
			proxyType = 1;
			remoteGlobalIDString = D727059022D38BEF00E89675;
			remoteInfo = LoggerDemo;
		};
		D72705B522D38BF000E89675 /* PBXContainerItemProxy */ = {
			isa = PBXContainerItemProxy;
			containerPortal = D727058922D38BEF00E89675 /* Project object */;
			proxyType = 1;
			remoteGlobalIDString = D727059022D38BEF00E89675;
			remoteInfo = LoggerDemo;
		};
/* End PBXContainerItemProxy section */

/* Begin PBXFileReference section */
		0889B78B8581C0FEA3589E0C /* Pods_LoggerDemo.framework */ = {isa = PBXFileReference; explicitFileType = wrapper.framework; includeInIndex = 0; path = Pods_LoggerDemo.framework; sourceTree = BUILT_PRODUCTS_DIR; };
		46CCA085EABB43AC25DEBCB3 /* Pods-LoggerDemo.release.xcconfig */ = {isa = PBXFileReference; includeInIndex = 1; lastKnownFileType = text.xcconfig; name = "Pods-LoggerDemo.release.xcconfig"; path = "Pods/Target Support Files/Pods-LoggerDemo/Pods-LoggerDemo.release.xcconfig"; sourceTree = "<group>"; };
		AEA84EF4C4A9F14AD69342C1 /* Pods-LoggerDemo.debug.xcconfig */ = {isa = PBXFileReference; includeInIndex = 1; lastKnownFileType = text.xcconfig; name = "Pods-LoggerDemo.debug.xcconfig"; path = "Pods/Target Support Files/Pods-LoggerDemo/Pods-LoggerDemo.debug.xcconfig"; sourceTree = "<group>"; };
		D727059122D38BEF00E89675 /* LoggerDemo.app */ = {isa = PBXFileReference; explicitFileType = wrapper.application; includeInIndex = 0; path = LoggerDemo.app; sourceTree = BUILT_PRODUCTS_DIR; };
		D727059422D38BEF00E89675 /* AppDelegate.h */ = {isa = PBXFileReference; lastKnownFileType = sourcecode.c.h; path = AppDelegate.h; sourceTree = "<group>"; };
		D727059522D38BEF00E89675 /* AppDelegate.m */ = {isa = PBXFileReference; lastKnownFileType = sourcecode.c.objc; path = AppDelegate.m; sourceTree = "<group>"; };
		D727059722D38BEF00E89675 /* ViewController.h */ = {isa = PBXFileReference; lastKnownFileType = sourcecode.c.h; path = ViewController.h; sourceTree = "<group>"; };
		D727059822D38BEF00E89675 /* ViewController.m */ = {isa = PBXFileReference; lastKnownFileType = sourcecode.c.objc; path = ViewController.m; sourceTree = "<group>"; };
		D727059B22D38BEF00E89675 /* Base */ = {isa = PBXFileReference; lastKnownFileType = file.storyboard; name = Base; path = Base.lproj/Main.storyboard; sourceTree = "<group>"; };
		D727059D22D38BF000E89675 /* Assets.xcassets */ = {isa = PBXFileReference; lastKnownFileType = folder.assetcatalog; path = Assets.xcassets; sourceTree = "<group>"; };
		D72705A022D38BF000E89675 /* Base */ = {isa = PBXFileReference; lastKnownFileType = file.storyboard; name = Base; path = Base.lproj/LaunchScreen.storyboard; sourceTree = "<group>"; };
		D72705A222D38BF000E89675 /* Info.plist */ = {isa = PBXFileReference; lastKnownFileType = text.plist.xml; path = Info.plist; sourceTree = "<group>"; };
		D72705A322D38BF000E89675 /* main.m */ = {isa = PBXFileReference; lastKnownFileType = sourcecode.c.objc; path = main.m; sourceTree = "<group>"; };
		D72705A922D38BF000E89675 /* LoggerDemoTests.xctest */ = {isa = PBXFileReference; explicitFileType = wrapper.cfbundle; includeInIndex = 0; path = LoggerDemoTests.xctest; sourceTree = BUILT_PRODUCTS_DIR; };
		D72705AD22D38BF000E89675 /* LoggerDemoTests.m */ = {isa = PBXFileReference; lastKnownFileType = sourcecode.c.objc; path = LoggerDemoTests.m; sourceTree = "<group>"; };
		D72705AF22D38BF000E89675 /* Info.plist */ = {isa = PBXFileReference; lastKnownFileType = text.plist.xml; path = Info.plist; sourceTree = "<group>"; };
		D72705B422D38BF000E89675 /* LoggerDemoUITests.xctest */ = {isa = PBXFileReference; explicitFileType = wrapper.cfbundle; includeInIndex = 0; path = LoggerDemoUITests.xctest; sourceTree = BUILT_PRODUCTS_DIR; };
		D72705B822D38BF000E89675 /* LoggerDemoUITests.m */ = {isa = PBXFileReference; lastKnownFileType = sourcecode.c.objc; path = LoggerDemoUITests.m; sourceTree = "<group>"; };
		D72705BA22D38BF000E89675 /* Info.plist */ = {isa = PBXFileReference; lastKnownFileType = text.plist.xml; path = Info.plist; sourceTree = "<group>"; };
		D72705CE22D398B800E89675 /* UIViewController+FLEX.h */ = {isa = PBXFileReference; fileEncoding = 4; lastKnownFileType = sourcecode.c.h; path = "UIViewController+FLEX.h"; sourceTree = "<group>"; };
		D72705CF22D398B800E89675 /* UIViewController+FLEX.m */ = {isa = PBXFileReference; fileEncoding = 4; lastKnownFileType = sourcecode.c.objc; path = "UIViewController+FLEX.m"; sourceTree = "<group>"; };
		D72705D222D398C400E89675 /* ZCLogFileFormatterDefault.h */ = {isa = PBXFileReference; fileEncoding = 4; lastKnownFileType = sourcecode.c.h; path = ZCLogFileFormatterDefault.h; sourceTree = "<group>"; };
		D72705D322D398C400E89675 /* ZCLoggerManager.h */ = {isa = PBXFileReference; fileEncoding = 4; lastKnownFileType = sourcecode.c.h; path = ZCLoggerManager.h; sourceTree = "<group>"; };
		D72705D422D398C400E89675 /* ZCLogMacros.h */ = {isa = PBXFileReference; fileEncoding = 4; lastKnownFileType = sourcecode.c.h; path = ZCLogMacros.h; sourceTree = "<group>"; };
		D72705D522D398C400E89675 /* ZCLogFileFormatterDefault.m */ = {isa = PBXFileReference; fileEncoding = 4; lastKnownFileType = sourcecode.c.objc; path = ZCLogFileFormatterDefault.m; sourceTree = "<group>"; };
		D72705D622D398C400E89675 /* ZCLoggerManager.m */ = {isa = PBXFileReference; fileEncoding = 4; lastKnownFileType = sourcecode.c.objc; path = ZCLoggerManager.m; sourceTree = "<group>"; };
		D72705D922D3994900E89675 /* NSObject+NilSafe.h */ = {isa = PBXFileReference; fileEncoding = 4; lastKnownFileType = sourcecode.c.h; path = "NSObject+NilSafe.h"; sourceTree = "<group>"; };
		D72705DA22D3994900E89675 /* NSObject+NilSafe.m */ = {isa = PBXFileReference; fileEncoding = 4; lastKnownFileType = sourcecode.c.objc; path = "NSObject+NilSafe.m"; sourceTree = "<group>"; };
		D72705DD22D39A9600E89675 /* ZCBaseViewController.h */ = {isa = PBXFileReference; fileEncoding = 4; lastKnownFileType = sourcecode.c.h; path = ZCBaseViewController.h; sourceTree = "<group>"; };
		D72705DE22D39A9600E89675 /* ZCBaseViewController.m */ = {isa = PBXFileReference; fileEncoding = 4; lastKnownFileType = sourcecode.c.objc; path = ZCBaseViewController.m; sourceTree = "<group>"; };
/* End PBXFileReference section */

/* Begin PBXFrameworksBuildPhase section */
		D727058E22D38BEF00E89675 /* Frameworks */ = {
			isa = PBXFrameworksBuildPhase;
			buildActionMask = 2147483647;
			files = (
				4B7283357FF0D3EED1AE7067 /* Pods_LoggerDemo.framework in Frameworks */,
			);
			runOnlyForDeploymentPostprocessing = 0;
		};
		D72705A622D38BF000E89675 /* Frameworks */ = {
			isa = PBXFrameworksBuildPhase;
			buildActionMask = 2147483647;
			files = (
			);
			runOnlyForDeploymentPostprocessing = 0;
		};
		D72705B122D38BF000E89675 /* Frameworks */ = {
			isa = PBXFrameworksBuildPhase;
			buildActionMask = 2147483647;
			files = (
			);
			runOnlyForDeploymentPostprocessing = 0;
		};
/* End PBXFrameworksBuildPhase section */

/* Begin PBXGroup section */
		75096AEAEF070BBA1699725B /* Frameworks */ = {
			isa = PBXGroup;
			children = (
				0889B78B8581C0FEA3589E0C /* Pods_LoggerDemo.framework */,
			);
			name = Frameworks;
			sourceTree = "<group>";
		};
		91E1E23473A2529336F990C6 /* Pods */ = {
			isa = PBXGroup;
			children = (
				AEA84EF4C4A9F14AD69342C1 /* Pods-LoggerDemo.debug.xcconfig */,
				46CCA085EABB43AC25DEBCB3 /* Pods-LoggerDemo.release.xcconfig */,
			);
			name = Pods;
			sourceTree = "<group>";
		};
		D727058822D38BEF00E89675 = {
			isa = PBXGroup;
			children = (
				D727059322D38BEF00E89675 /* LoggerDemo */,
				D72705AC22D38BF000E89675 /* LoggerDemoTests */,
				D72705B722D38BF000E89675 /* LoggerDemoUITests */,
				D727059222D38BEF00E89675 /* Products */,
				91E1E23473A2529336F990C6 /* Pods */,
				75096AEAEF070BBA1699725B /* Frameworks */,
			);
			sourceTree = "<group>";
		};
		D727059222D38BEF00E89675 /* Products */ = {
			isa = PBXGroup;
			children = (
				D727059122D38BEF00E89675 /* LoggerDemo.app */,
				D72705A922D38BF000E89675 /* LoggerDemoTests.xctest */,
				D72705B422D38BF000E89675 /* LoggerDemoUITests.xctest */,
			);
			name = Products;
			sourceTree = "<group>";
		};
		D727059322D38BEF00E89675 /* LoggerDemo */ = {
			isa = PBXGroup;
			children = (
				D72705D122D398C400E89675 /* Logger */,
				D727059422D38BEF00E89675 /* AppDelegate.h */,
				D727059522D38BEF00E89675 /* AppDelegate.m */,
				D727059722D38BEF00E89675 /* ViewController.h */,
				D727059822D38BEF00E89675 /* ViewController.m */,
				D727059A22D38BEF00E89675 /* Main.storyboard */,
				D727059D22D38BF000E89675 /* Assets.xcassets */,
				D727059F22D38BF000E89675 /* LaunchScreen.storyboard */,
				D72705A222D38BF000E89675 /* Info.plist */,
				D72705A322D38BF000E89675 /* main.m */,
			);
			path = LoggerDemo;
			sourceTree = "<group>";
		};
		D72705AC22D38BF000E89675 /* LoggerDemoTests */ = {
			isa = PBXGroup;
			children = (
				D72705AD22D38BF000E89675 /* LoggerDemoTests.m */,
				D72705AF22D38BF000E89675 /* Info.plist */,
			);
			path = LoggerDemoTests;
			sourceTree = "<group>";
		};
		D72705B722D38BF000E89675 /* LoggerDemoUITests */ = {
			isa = PBXGroup;
			children = (
				D72705B822D38BF000E89675 /* LoggerDemoUITests.m */,
				D72705BA22D38BF000E89675 /* Info.plist */,
			);
			path = LoggerDemoUITests;
			sourceTree = "<group>";
		};
		D72705D122D398C400E89675 /* Logger */ = {
			isa = PBXGroup;
			children = (
				D72705DC22D3996100E89675 /* Category */,
				D72705DD22D39A9600E89675 /* ZCBaseViewController.h */,
				D72705DE22D39A9600E89675 /* ZCBaseViewController.m */,
				D72705D222D398C400E89675 /* ZCLogFileFormatterDefault.h */,
				D72705D522D398C400E89675 /* ZCLogFileFormatterDefault.m */,
				D72705D322D398C400E89675 /* ZCLoggerManager.h */,
				D72705D622D398C400E89675 /* ZCLoggerManager.m */,
				D72705D422D398C400E89675 /* ZCLogMacros.h */,
			);
			path = Logger;
			sourceTree = "<group>";
		};
		D72705DC22D3996100E89675 /* Category */ = {
			isa = PBXGroup;
			children = (
				D72705D922D3994900E89675 /* NSObject+NilSafe.h */,
				D72705DA22D3994900E89675 /* NSObject+NilSafe.m */,
				D72705CE22D398B800E89675 /* UIViewController+FLEX.h */,
				D72705CF22D398B800E89675 /* UIViewController+FLEX.m */,
			);
			path = Category;
			sourceTree = "<group>";
		};
/* End PBXGroup section */

/* Begin PBXNativeTarget section */
		D727059022D38BEF00E89675 /* LoggerDemo */ = {
			isa = PBXNativeTarget;
			buildConfigurationList = D72705BD22D38BF000E89675 /* Build configuration list for PBXNativeTarget "LoggerDemo" */;
			buildPhases = (
				1DBCA3EC1D87A8F17B7478BD /* [CP] Check Pods Manifest.lock */,
				D727058D22D38BEF00E89675 /* Sources */,
				D727058E22D38BEF00E89675 /* Frameworks */,
				D727058F22D38BEF00E89675 /* Resources */,
				8B9B1287DF35B250C829C383 /* [CP] Embed Pods Frameworks */,
			);
			buildRules = (
			);
			dependencies = (
			);
			name = LoggerDemo;
			productName = LoggerDemo;
			productReference = D727059122D38BEF00E89675 /* LoggerDemo.app */;
			productType = "com.apple.product-type.application";
		};
		D72705A822D38BF000E89675 /* LoggerDemoTests */ = {
			isa = PBXNativeTarget;
			buildConfigurationList = D72705C022D38BF000E89675 /* Build configuration list for PBXNativeTarget "LoggerDemoTests" */;
			buildPhases = (
				D72705A522D38BF000E89675 /* Sources */,
				D72705A622D38BF000E89675 /* Frameworks */,
				D72705A722D38BF000E89675 /* Resources */,
			);
			buildRules = (
			);
			dependencies = (
				D72705AB22D38BF000E89675 /* PBXTargetDependency */,
			);
			name = LoggerDemoTests;
			productName = LoggerDemoTests;
			productReference = D72705A922D38BF000E89675 /* LoggerDemoTests.xctest */;
			productType = "com.apple.product-type.bundle.unit-test";
		};
		D72705B322D38BF000E89675 /* LoggerDemoUITests */ = {
			isa = PBXNativeTarget;
			buildConfigurationList = D72705C322D38BF000E89675 /* Build configuration list for PBXNativeTarget "LoggerDemoUITests" */;
			buildPhases = (
				D72705B022D38BF000E89675 /* Sources */,
				D72705B122D38BF000E89675 /* Frameworks */,
				D72705B222D38BF000E89675 /* Resources */,
			);
			buildRules = (
			);
			dependencies = (
				D72705B622D38BF000E89675 /* PBXTargetDependency */,
			);
			name = LoggerDemoUITests;
			productName = LoggerDemoUITests;
			productReference = D72705B422D38BF000E89675 /* LoggerDemoUITests.xctest */;
			productType = "com.apple.product-type.bundle.ui-testing";
		};
/* End PBXNativeTarget section */

/* Begin PBXProject section */
		D727058922D38BEF00E89675 /* Project object */ = {
			isa = PBXProject;
			attributes = {
				LastUpgradeCheck = 1020;
				ORGANIZATIONNAME = yzc;
				TargetAttributes = {
					D727059022D38BEF00E89675 = {
						CreatedOnToolsVersion = 10.2.1;
					};
					D72705A822D38BF000E89675 = {
						CreatedOnToolsVersion = 10.2.1;
						TestTargetID = D727059022D38BEF00E89675;
					};
					D72705B322D38BF000E89675 = {
						CreatedOnToolsVersion = 10.2.1;
						TestTargetID = D727059022D38BEF00E89675;
					};
				};
			};
			buildConfigurationList = D727058C22D38BEF00E89675 /* Build configuration list for PBXProject "LoggerDemo" */;
			compatibilityVersion = "Xcode 9.3";
			developmentRegion = en;
			hasScannedForEncodings = 0;
			knownRegions = (
				en,
				Base,
			);
			mainGroup = D727058822D38BEF00E89675;
			productRefGroup = D727059222D38BEF00E89675 /* Products */;
			projectDirPath = "";
			projectRoot = "";
			targets = (
				D727059022D38BEF00E89675 /* LoggerDemo */,
				D72705A822D38BF000E89675 /* LoggerDemoTests */,
				D72705B322D38BF000E89675 /* LoggerDemoUITests */,
			);
		};
/* End PBXProject section */

/* Begin PBXResourcesBuildPhase section */
		D727058F22D38BEF00E89675 /* Resources */ = {
			isa = PBXResourcesBuildPhase;
			buildActionMask = 2147483647;
			files = (
				D72705A122D38BF000E89675 /* LaunchScreen.storyboard in Resources */,
				D727059E22D38BF000E89675 /* Assets.xcassets in Resources */,
				D727059C22D38BEF00E89675 /* Main.storyboard in Resources */,
			);
			runOnlyForDeploymentPostprocessing = 0;
		};
		D72705A722D38BF000E89675 /* Resources */ = {
			isa = PBXResourcesBuildPhase;
			buildActionMask = 2147483647;
			files = (
			);
			runOnlyForDeploymentPostprocessing = 0;
		};
		D72705B222D38BF000E89675 /* Resources */ = {
			isa = PBXResourcesBuildPhase;
			buildActionMask = 2147483647;
			files = (
			);
			runOnlyForDeploymentPostprocessing = 0;
		};
/* End PBXResourcesBuildPhase section */

/* Begin PBXShellScriptBuildPhase section */
		1DBCA3EC1D87A8F17B7478BD /* [CP] Check Pods Manifest.lock */ = {
			isa = PBXShellScriptBuildPhase;
			buildActionMask = 2147483647;
			files = (
			);
			inputFileListPaths = (
			);
			inputPaths = (
				"${PODS_PODFILE_DIR_PATH}/Podfile.lock",
				"${PODS_ROOT}/Manifest.lock",
			);
			name = "[CP] Check Pods Manifest.lock";
			outputFileListPaths = (
			);
			outputPaths = (
				"$(DERIVED_FILE_DIR)/Pods-LoggerDemo-checkManifestLockResult.txt",
			);
			runOnlyForDeploymentPostprocessing = 0;
			shellPath = /bin/sh;
			shellScript = "diff \"${PODS_PODFILE_DIR_PATH}/Podfile.lock\" \"${PODS_ROOT}/Manifest.lock\" > /dev/null\nif [ $? != 0 ] ; then\n    # print error to STDERR\n    echo \"error: The sandbox is not in sync with the Podfile.lock. Run 'pod install' or update your CocoaPods installation.\" >&2\n    exit 1\nfi\n# This output is used by Xcode 'outputs' to avoid re-running this script phase.\necho \"SUCCESS\" > \"${SCRIPT_OUTPUT_FILE_0}\"\n";
			showEnvVarsInLog = 0;
		};
		8B9B1287DF35B250C829C383 /* [CP] Embed Pods Frameworks */ = {
			isa = PBXShellScriptBuildPhase;
			buildActionMask = 2147483647;
			files = (
			);
			inputFileListPaths = (
			);
			inputPaths = (
				"${SRCROOT}/Pods/Target Support Files/Pods-LoggerDemo/Pods-LoggerDemo-frameworks.sh",
				"${BUILT_PRODUCTS_DIR}/CocoaLumberjack/CocoaLumberjack.framework",
				"${BUILT_PRODUCTS_DIR}/FBRetainCycleDetector/FBRetainCycleDetector.framework",
				"${BUILT_PRODUCTS_DIR}/FLEX/FLEX.framework",
				"${BUILT_PRODUCTS_DIR}/MLeaksFinder/MLeaksFinder.framework",
				"${BUILT_PRODUCTS_DIR}/SSZipArchive/SSZipArchive.framework",
				"${BUILT_PRODUCTS_DIR}/ZCFPS/ZCFPS.framework",
			);
			name = "[CP] Embed Pods Frameworks";
			outputFileListPaths = (
			);
			outputPaths = (
				"${TARGET_BUILD_DIR}/${FRAMEWORKS_FOLDER_PATH}/CocoaLumberjack.framework",
				"${TARGET_BUILD_DIR}/${FRAMEWORKS_FOLDER_PATH}/FBRetainCycleDetector.framework",
				"${TARGET_BUILD_DIR}/${FRAMEWORKS_FOLDER_PATH}/FLEX.framework",
				"${TARGET_BUILD_DIR}/${FRAMEWORKS_FOLDER_PATH}/MLeaksFinder.framework",
				"${TARGET_BUILD_DIR}/${FRAMEWORKS_FOLDER_PATH}/SSZipArchive.framework",
				"${TARGET_BUILD_DIR}/${FRAMEWORKS_FOLDER_PATH}/ZCFPS.framework",
			);
			runOnlyForDeploymentPostprocessing = 0;
			shellPath = /bin/sh;
			shellScript = "\"${SRCROOT}/Pods/Target Support Files/Pods-LoggerDemo/Pods-LoggerDemo-frameworks.sh\"\n";
			showEnvVarsInLog = 0;
		};
/* End PBXShellScriptBuildPhase section */

/* Begin PBXSourcesBuildPhase section */
		D727058D22D38BEF00E89675 /* Sources */ = {
			isa = PBXSourcesBuildPhase;
			buildActionMask = 2147483647;
			files = (
				D72705DF22D39A9600E89675 /* ZCBaseViewController.m in Sources */,
				D72705D722D398C500E89675 /* ZCLogFileFormatterDefault.m in Sources */,
				D727059922D38BEF00E89675 /* ViewController.m in Sources */,
				D72705D022D398B800E89675 /* UIViewController+FLEX.m in Sources */,
				D72705A422D38BF000E89675 /* main.m in Sources */,
				D72705DB22D3994900E89675 /* NSObject+NilSafe.m in Sources */,
				D72705D822D398C500E89675 /* ZCLoggerManager.m in Sources */,
				D727059622D38BEF00E89675 /* AppDelegate.m in Sources */,
			);
			runOnlyForDeploymentPostprocessing = 0;
		};
		D72705A522D38BF000E89675 /* Sources */ = {
			isa = PBXSourcesBuildPhase;
			buildActionMask = 2147483647;
			files = (
				D72705AE22D38BF000E89675 /* LoggerDemoTests.m in Sources */,
			);
			runOnlyForDeploymentPostprocessing = 0;
		};
		D72705B022D38BF000E89675 /* Sources */ = {
			isa = PBXSourcesBuildPhase;
			buildActionMask = 2147483647;
			files = (
				D72705B922D38BF000E89675 /* LoggerDemoUITests.m in Sources */,
			);
			runOnlyForDeploymentPostprocessing = 0;
		};
/* End PBXSourcesBuildPhase section */

/* Begin PBXTargetDependency section */
		D72705AB22D38BF000E89675 /* PBXTargetDependency */ = {
			isa = PBXTargetDependency;
			target = D727059022D38BEF00E89675 /* LoggerDemo */;
			targetProxy = D72705AA22D38BF000E89675 /* PBXContainerItemProxy */;
		};
		D72705B622D38BF000E89675 /* PBXTargetDependency */ = {
			isa = PBXTargetDependency;
			target = D727059022D38BEF00E89675 /* LoggerDemo */;
			targetProxy = D72705B522D38BF000E89675 /* PBXContainerItemProxy */;
		};
/* End PBXTargetDependency section */

/* Begin PBXVariantGroup section */
		D727059A22D38BEF00E89675 /* Main.storyboard */ = {
			isa = PBXVariantGroup;
			children = (
				D727059B22D38BEF00E89675 /* Base */,
			);
			name = Main.storyboard;
			sourceTree = "<group>";
		};
		D727059F22D38BF000E89675 /* LaunchScreen.storyboard */ = {
			isa = PBXVariantGroup;
			children = (
				D72705A022D38BF000E89675 /* Base */,
			);
			name = LaunchScreen.storyboard;
			sourceTree = "<group>";
		};
/* End PBXVariantGroup section */

/* Begin XCBuildConfiguration section */
		D72705BB22D38BF000E89675 /* Debug */ = {
			isa = XCBuildConfiguration;
			buildSettings = {
				ALWAYS_SEARCH_USER_PATHS = NO;
				CLANG_ANALYZER_NONNULL = YES;
				CLANG_ANALYZER_NUMBER_OBJECT_CONVERSION = YES_AGGRESSIVE;
				CLANG_CXX_LANGUAGE_STANDARD = "gnu++14";
				CLANG_CXX_LIBRARY = "libc++";
				CLANG_ENABLE_MODULES = YES;
				CLANG_ENABLE_OBJC_ARC = YES;
				CLANG_ENABLE_OBJC_WEAK = YES;
				CLANG_WARN_BLOCK_CAPTURE_AUTORELEASING = YES;
				CLANG_WARN_BOOL_CONVERSION = YES;
				CLANG_WARN_COMMA = YES;
				CLANG_WARN_CONSTANT_CONVERSION = YES;
				CLANG_WARN_DEPRECATED_OBJC_IMPLEMENTATIONS = YES;
				CLANG_WARN_DIRECT_OBJC_ISA_USAGE = YES_ERROR;
				CLANG_WARN_DOCUMENTATION_COMMENTS = YES;
				CLANG_WARN_EMPTY_BODY = YES;
				CLANG_WARN_ENUM_CONVERSION = YES;
				CLANG_WARN_INFINITE_RECURSION = YES;
				CLANG_WARN_INT_CONVERSION = YES;
				CLANG_WARN_NON_LITERAL_NULL_CONVERSION = YES;
				CLANG_WARN_OBJC_IMPLICIT_RETAIN_SELF = YES;
				CLANG_WARN_OBJC_LITERAL_CONVERSION = YES;
				CLANG_WARN_OBJC_ROOT_CLASS = YES_ERROR;
				CLANG_WARN_RANGE_LOOP_ANALYSIS = YES;
				CLANG_WARN_STRICT_PROTOTYPES = YES;
				CLANG_WARN_SUSPICIOUS_MOVE = YES;
				CLANG_WARN_UNGUARDED_AVAILABILITY = YES_AGGRESSIVE;
				CLANG_WARN_UNREACHABLE_CODE = YES;
				CLANG_WARN__DUPLICATE_METHOD_MATCH = YES;
				CODE_SIGN_IDENTITY = "iPhone Developer";
				COPY_PHASE_STRIP = NO;
				DEBUG_INFORMATION_FORMAT = dwarf;
				ENABLE_STRICT_OBJC_MSGSEND = YES;
				ENABLE_TESTABILITY = YES;
				GCC_C_LANGUAGE_STANDARD = gnu11;
				GCC_DYNAMIC_NO_PIC = NO;
				GCC_NO_COMMON_BLOCKS = YES;
				GCC_OPTIMIZATION_LEVEL = 0;
				GCC_PREPROCESSOR_DEFINITIONS = (
					"DEBUG=1",
					"$(inherited)",
				);
				GCC_WARN_64_TO_32_BIT_CONVERSION = YES;
				GCC_WARN_ABOUT_RETURN_TYPE = YES_ERROR;
				GCC_WARN_UNDECLARED_SELECTOR = YES;
				GCC_WARN_UNINITIALIZED_AUTOS = YES_AGGRESSIVE;
				GCC_WARN_UNUSED_FUNCTION = YES;
				GCC_WARN_UNUSED_VARIABLE = YES;
				IPHONEOS_DEPLOYMENT_TARGET = 12.2;
				MTL_ENABLE_DEBUG_INFO = INCLUDE_SOURCE;
				MTL_FAST_MATH = YES;
				ONLY_ACTIVE_ARCH = YES;
				SDKROOT = iphoneos;
			};
			name = Debug;
		};
		D72705BC22D38BF000E89675 /* Release */ = {
			isa = XCBuildConfiguration;
			buildSettings = {
				ALWAYS_SEARCH_USER_PATHS = NO;
				CLANG_ANALYZER_NONNULL = YES;
				CLANG_ANALYZER_NUMBER_OBJECT_CONVERSION = YES_AGGRESSIVE;
				CLANG_CXX_LANGUAGE_STANDARD = "gnu++14";
				CLANG_CXX_LIBRARY = "libc++";
				CLANG_ENABLE_MODULES = YES;
				CLANG_ENABLE_OBJC_ARC = YES;
				CLANG_ENABLE_OBJC_WEAK = YES;
				CLANG_WARN_BLOCK_CAPTURE_AUTORELEASING = YES;
				CLANG_WARN_BOOL_CONVERSION = YES;
				CLANG_WARN_COMMA = YES;
				CLANG_WARN_CONSTANT_CONVERSION = YES;
				CLANG_WARN_DEPRECATED_OBJC_IMPLEMENTATIONS = YES;
				CLANG_WARN_DIRECT_OBJC_ISA_USAGE = YES_ERROR;
				CLANG_WARN_DOCUMENTATION_COMMENTS = YES;
				CLANG_WARN_EMPTY_BODY = YES;
				CLANG_WARN_ENUM_CONVERSION = YES;
				CLANG_WARN_INFINITE_RECURSION = YES;
				CLANG_WARN_INT_CONVERSION = YES;
				CLANG_WARN_NON_LITERAL_NULL_CONVERSION = YES;
				CLANG_WARN_OBJC_IMPLICIT_RETAIN_SELF = YES;
				CLANG_WARN_OBJC_LITERAL_CONVERSION = YES;
				CLANG_WARN_OBJC_ROOT_CLASS = YES_ERROR;
				CLANG_WARN_RANGE_LOOP_ANALYSIS = YES;
				CLANG_WARN_STRICT_PROTOTYPES = YES;
				CLANG_WARN_SUSPICIOUS_MOVE = YES;
				CLANG_WARN_UNGUARDED_AVAILABILITY = YES_AGGRESSIVE;
				CLANG_WARN_UNREACHABLE_CODE = YES;
				CLANG_WARN__DUPLICATE_METHOD_MATCH = YES;
				CODE_SIGN_IDENTITY = "iPhone Developer";
				COPY_PHASE_STRIP = NO;
				DEBUG_INFORMATION_FORMAT = "dwarf-with-dsym";
				ENABLE_NS_ASSERTIONS = NO;
				ENABLE_STRICT_OBJC_MSGSEND = YES;
				GCC_C_LANGUAGE_STANDARD = gnu11;
				GCC_NO_COMMON_BLOCKS = YES;
				GCC_WARN_64_TO_32_BIT_CONVERSION = YES;
				GCC_WARN_ABOUT_RETURN_TYPE = YES_ERROR;
				GCC_WARN_UNDECLARED_SELECTOR = YES;
				GCC_WARN_UNINITIALIZED_AUTOS = YES_AGGRESSIVE;
				GCC_WARN_UNUSED_FUNCTION = YES;
				GCC_WARN_UNUSED_VARIABLE = YES;
				IPHONEOS_DEPLOYMENT_TARGET = 12.2;
				MTL_ENABLE_DEBUG_INFO = NO;
				MTL_FAST_MATH = YES;
				SDKROOT = iphoneos;
				VALIDATE_PRODUCT = YES;
			};
			name = Release;
		};
		D72705BE22D38BF000E89675 /* Debug */ = {
			isa = XCBuildConfiguration;
			baseConfigurationReference = AEA84EF4C4A9F14AD69342C1 /* Pods-LoggerDemo.debug.xcconfig */;
			buildSettings = {
				ASSETCATALOG_COMPILER_APPICON_NAME = AppIcon;
				CODE_SIGN_STYLE = Automatic;
				DEVELOPMENT_TEAM = 4XLMJ8J23D;
				INFOPLIST_FILE = LoggerDemo/Info.plist;
				LD_RUNPATH_SEARCH_PATHS = (
					"$(inherited)",
					"@executable_path/Frameworks",
				);
				PRODUCT_BUNDLE_IDENTIFIER = com.yzc.LoggerDemo;
				PRODUCT_NAME = "$(TARGET_NAME)";
				TARGETED_DEVICE_FAMILY = "1,2";
			};
			name = Debug;
		};
		D72705BF22D38BF000E89675 /* Release */ = {
			isa = XCBuildConfiguration;
			baseConfigurationReference = 46CCA085EABB43AC25DEBCB3 /* Pods-LoggerDemo.release.xcconfig */;
			buildSettings = {
				ASSETCATALOG_COMPILER_APPICON_NAME = AppIcon;
				CODE_SIGN_STYLE = Automatic;
				DEVELOPMENT_TEAM = 4XLMJ8J23D;
				INFOPLIST_FILE = LoggerDemo/Info.plist;
				LD_RUNPATH_SEARCH_PATHS = (
					"$(inherited)",
					"@executable_path/Frameworks",
				);
				PRODUCT_BUNDLE_IDENTIFIER = com.yzc.LoggerDemo;
				PRODUCT_NAME = "$(TARGET_NAME)";
				TARGETED_DEVICE_FAMILY = "1,2";
			};
			name = Release;
		};
		D72705C122D38BF000E89675 /* Debug */ = {
			isa = XCBuildConfiguration;
			buildSettings = {
				BUNDLE_LOADER = "$(TEST_HOST)";
				CODE_SIGN_STYLE = Automatic;
				DEVELOPMENT_TEAM = 4XLMJ8J23D;
				INFOPLIST_FILE = LoggerDemoTests/Info.plist;
				LD_RUNPATH_SEARCH_PATHS = (
					"$(inherited)",
					"@executable_path/Frameworks",
					"@loader_path/Frameworks",
				);
				PRODUCT_BUNDLE_IDENTIFIER = com.yzc.LoggerDemoTests;
				PRODUCT_NAME = "$(TARGET_NAME)";
				TARGETED_DEVICE_FAMILY = "1,2";
				TEST_HOST = "$(BUILT_PRODUCTS_DIR)/LoggerDemo.app/LoggerDemo";
			};
			name = Debug;
		};
		D72705C222D38BF000E89675 /* Release */ = {
			isa = XCBuildConfiguration;
			buildSettings = {
				BUNDLE_LOADER = "$(TEST_HOST)";
				CODE_SIGN_STYLE = Automatic;
				DEVELOPMENT_TEAM = 4XLMJ8J23D;
				INFOPLIST_FILE = LoggerDemoTests/Info.plist;
				LD_RUNPATH_SEARCH_PATHS = (
					"$(inherited)",
					"@executable_path/Frameworks",
					"@loader_path/Frameworks",
				);
				PRODUCT_BUNDLE_IDENTIFIER = com.yzc.LoggerDemoTests;
				PRODUCT_NAME = "$(TARGET_NAME)";
				TARGETED_DEVICE_FAMILY = "1,2";
				TEST_HOST = "$(BUILT_PRODUCTS_DIR)/LoggerDemo.app/LoggerDemo";
			};
			name = Release;
		};
		D72705C422D38BF000E89675 /* Debug */ = {
			isa = XCBuildConfiguration;
			buildSettings = {
				CODE_SIGN_STYLE = Automatic;
				DEVELOPMENT_TEAM = 4XLMJ8J23D;
				INFOPLIST_FILE = LoggerDemoUITests/Info.plist;
				LD_RUNPATH_SEARCH_PATHS = (
					"$(inherited)",
					"@executable_path/Frameworks",
					"@loader_path/Frameworks",
				);
				PRODUCT_BUNDLE_IDENTIFIER = com.yzc.LoggerDemoUITests;
				PRODUCT_NAME = "$(TARGET_NAME)";
				TARGETED_DEVICE_FAMILY = "1,2";
				TEST_TARGET_NAME = LoggerDemo;
			};
			name = Debug;
		};
		D72705C522D38BF000E89675 /* Release */ = {
			isa = XCBuildConfiguration;
			buildSettings = {
				CODE_SIGN_STYLE = Automatic;
				DEVELOPMENT_TEAM = 4XLMJ8J23D;
				INFOPLIST_FILE = LoggerDemoUITests/Info.plist;
				LD_RUNPATH_SEARCH_PATHS = (
					"$(inherited)",
					"@executable_path/Frameworks",
					"@loader_path/Frameworks",
				);
				PRODUCT_BUNDLE_IDENTIFIER = com.yzc.LoggerDemoUITests;
				PRODUCT_NAME = "$(TARGET_NAME)";
				TARGETED_DEVICE_FAMILY = "1,2";
				TEST_TARGET_NAME = LoggerDemo;
			};
			name = Release;
		};
/* End XCBuildConfiguration section */

/* Begin XCConfigurationList section */
		D727058C22D38BEF00E89675 /* Build configuration list for PBXProject "LoggerDemo" */ = {
			isa = XCConfigurationList;
			buildConfigurations = (
				D72705BB22D38BF000E89675 /* Debug */,
				D72705BC22D38BF000E89675 /* Release */,
			);
			defaultConfigurationIsVisible = 0;
			defaultConfigurationName = Release;
		};
		D72705BD22D38BF000E89675 /* Build configuration list for PBXNativeTarget "LoggerDemo" */ = {
			isa = XCConfigurationList;
			buildConfigurations = (
				D72705BE22D38BF000E89675 /* Debug */,
				D72705BF22D38BF000E89675 /* Release */,
			);
			defaultConfigurationIsVisible = 0;
			defaultConfigurationName = Release;
		};
		D72705C022D38BF000E89675 /* Build configuration list for PBXNativeTarget "LoggerDemoTests" */ = {
			isa = XCConfigurationList;
			buildConfigurations = (
				D72705C122D38BF000E89675 /* Debug */,
				D72705C222D38BF000E89675 /* Release */,
			);
			defaultConfigurationIsVisible = 0;
			defaultConfigurationName = Release;
		};
		D72705C322D38BF000E89675 /* Build configuration list for PBXNativeTarget "LoggerDemoUITests" */ = {
			isa = XCConfigurationList;
			buildConfigurations = (
				D72705C422D38BF000E89675 /* Debug */,
				D72705C522D38BF000E89675 /* Release */,
			);
			defaultConfigurationIsVisible = 0;
			defaultConfigurationName = Release;
		};
/* End XCConfigurationList section */
	};
	rootObject = D727058922D38BEF00E89675 /* Project object */;
}
